
Microsoft Visual Studio Solution File, Format Version 12.00
# Visual Studio Version 17
VisualStudioVersion = 17.0.31912.275
MinimumVisualStudioVersion = 10.0.40219.1
Project("{9A19103F-16F7-4668-BE54-9A1E7A4F7556}") = "WebApplication4", "WebApplication4.csproj", "{838E6285-C4C3-4A33-AE0E-A42C8F66983D}"
EndProject
Global
	GlobalSection(SolutionConfigurationPlatforms) = preSolution
		Debug|Any CPU = Debug|Any CPU
		Release|Any CPU = Release|Any CPU
	EndGlobalSection
	GlobalSection(ProjectConfigurationPlatforms) = postSolution
		{838E6285-C4C3-4A33-AE0E-A42C8F66983D}.Debug|Any CPU.ActiveCfg = Debug|Any CPU
		{838E6285-C4C3-4A33-AE0E-A42C8F66983D}.Debug|Any CPU.Build.0 = Debug|Any CPU
		{838E6285-C4C3-4A33-AE0E-A42C8F66983D}.Release|Any CPU.ActiveCfg = Release|Any CPU
		{838E6285-C4C3-4A33-AE0E-A42C8F66983D}.Release|Any CPU.Build.0 = Release|Any CPU
	EndGlobalSection
	GlobalSection(SolutionProperties) = preSolution
		HideSolutionNode = FALSE
	EndGlobalSection
	GlobalSection(ExtensibilityGlobals) = postSolution
		SolutionGuid = {87EBA42D-C161-4A4E-9D77-85D75E9D672F}
	EndGlobalSection
EndGlobal
